
Microsoft Visual Studio Solution File, Format Version 12.00
# Visual Studio Version 17
VisualStudioVersion = 17.1.32328.378
MinimumVisualStudioVersion = 10.0.40219.1
Project("{8BC9CEB8-8B4A-11D0-8D11-00A0C91BC942}") = "PG2_13_1", "PG2_13_1.vcxproj", "{4F0305A7-E34D-474D-A5E5-99E0C074F522}"
EndProject
Global
	GlobalSection(SolutionConfigurationPlatforms) = preSolution
		Debug|x64 = Debug|x64
		Release|x64 = Release|x64
	EndGlobalSection
	GlobalSection(ProjectConfigurationPlatforms) = postSolution
		{4F0305A7-E34D-474D-A5E5-99E0C074F522}.Debug|x64.ActiveCfg = Debug|x64
		{4F0305A7-E34D-474D-A5E5-99E0C074F522}.Debug|x64.Build.0 = Debug|x64
		{4F0305A7-E34D-474D-A5E5-99E0C074F522}.Release|x64.ActiveCfg = Release|x64
		{4F0305A7-E34D-474D-A5E5-99E0C074F522}.Release|x64.Build.0 = Release|x64
	EndGlobalSection
	GlobalSection(SolutionProperties) = preSolution
		HideSolutionNode = FALSE
	EndGlobalSection
	GlobalSection(ExtensibilityGlobals) = postSolution
		SolutionGuid = {5389DFB4-97DE-4C62-A358-917F1C6011E1}
	EndGlobalSection
EndGlobal
